// !$*UTF8*$!
{
	archiveVersion = 1;
	classes = {
	};
	objectVersion = 50;
	objects = {

/* Begin PBXBuildFile section */
		EF0B4AD62217162F009A57D7 /* NXLinkedList.swift in Sources */ = {isa = PBXBuildFile; fileRef = EF0B4AD52217162F009A57D7 /* NXLinkedList.swift */; };
		EF399BD1218343B100983D4D /* NXDataStructures.h in Headers */ = {isa = PBXBuildFile; fileRef = EF399BCF218343B100983D4D /* NXDataStructures.h */; settings = {ATTRIBUTES = (Public, ); }; };
		EF399BDB218343E700983D4D /* NXStack.swift in Sources */ = {isa = PBXBuildFile; fileRef = EF399BDA218343E700983D4D /* NXStack.swift */; };
		EF913678221C437A009C84BD /* NXLog.swift in Sources */ = {isa = PBXBuildFile; fileRef = EF913677221C437A009C84BD /* NXLog.swift */; };
		EFE8463D221B0D2500027A7A /* NXDataStructures.framework in Frameworks */ = {isa = PBXBuildFile; fileRef = EF399BCC218343B100983D4D /* NXDataStructures.framework */; };
		EFE84647221B0D6B00027A7A /* NXStack+Test.swift in Sources */ = {isa = PBXBuildFile; fileRef = EFE84646221B0D6B00027A7A /* NXStack+Test.swift */; };
		EFE8464B221B14BE00027A7A /* NXLinkedListNode.swift in Sources */ = {isa = PBXBuildFile; fileRef = EFE8464A221B14BE00027A7A /* NXLinkedListNode.swift */; };
/* End PBXBuildFile section */

/* Begin PBXContainerItemProxy section */
		EFE8463E221B0D2500027A7A /* PBXContainerItemProxy */ = {
			isa = PBXContainerItemProxy;
			containerPortal = EF399BC3218343B100983D4D /* Project object */;
			proxyType = 1;
			remoteGlobalIDString = EF399BCB218343B100983D4D;
			remoteInfo = NXDataStructures;
		};
/* End PBXContainerItemProxy section */

/* Begin PBXFileReference section */
		EF0B4AD52217162F009A57D7 /* NXLinkedList.swift */ = {isa = PBXFileReference; lastKnownFileType = sourcecode.swift; path = NXLinkedList.swift; sourceTree = "<group>"; };
		EF399BCC218343B100983D4D /* NXDataStructures.framework */ = {isa = PBXFileReference; explicitFileType = wrapper.framework; includeInIndex = 0; path = NXDataStructures.framework; sourceTree = BUILT_PRODUCTS_DIR; };
		EF399BCF218343B100983D4D /* NXDataStructures.h */ = {isa = PBXFileReference; lastKnownFileType = sourcecode.c.h; path = NXDataStructures.h; sourceTree = "<group>"; };
		EF399BD0218343B100983D4D /* Info.plist */ = {isa = PBXFileReference; lastKnownFileType = text.plist.xml; path = Info.plist; sourceTree = "<group>"; };
		EF399BDA218343E700983D4D /* NXStack.swift */ = {isa = PBXFileReference; lastKnownFileType = sourcecode.swift; path = NXStack.swift; sourceTree = "<group>"; };
		EF913677221C437A009C84BD /* NXLog.swift */ = {isa = PBXFileReference; lastKnownFileType = sourcecode.swift; path = NXLog.swift; sourceTree = "<group>"; };
		EFE84638221B0D2400027A7A /* NXDataStructuresTests.xctest */ = {isa = PBXFileReference; explicitFileType = wrapper.cfbundle; includeInIndex = 0; path = NXDataStructuresTests.xctest; sourceTree = BUILT_PRODUCTS_DIR; };
		EFE8463C221B0D2500027A7A /* Info.plist */ = {isa = PBXFileReference; lastKnownFileType = text.plist.xml; path = Info.plist; sourceTree = "<group>"; };
		EFE84645221B0D6B00027A7A /* NXDataStructuresTests-Bridging-Header.h */ = {isa = PBXFileReference; lastKnownFileType = sourcecode.c.h; path = "NXDataStructuresTests-Bridging-Header.h"; sourceTree = "<group>"; };
		EFE84646221B0D6B00027A7A /* NXStack+Test.swift */ = {isa = PBXFileReference; lastKnownFileType = sourcecode.swift; path = "NXStack+Test.swift"; sourceTree = "<group>"; };
		EFE8464A221B14BE00027A7A /* NXLinkedListNode.swift */ = {isa = PBXFileReference; lastKnownFileType = sourcecode.swift; path = NXLinkedListNode.swift; sourceTree = "<group>"; };
/* End PBXFileReference section */

/* Begin PBXFrameworksBuildPhase section */
		EF399BC9218343B100983D4D /* Frameworks */ = {
			isa = PBXFrameworksBuildPhase;
			buildActionMask = 2147483647;
			files = (
			);
			runOnlyForDeploymentPostprocessing = 0;
		};
		EFE84635221B0D2400027A7A /* Frameworks */ = {
			isa = PBXFrameworksBuildPhase;
			buildActionMask = 2147483647;
			files = (
				EFE8463D221B0D2500027A7A /* NXDataStructures.framework in Frameworks */,
			);
			runOnlyForDeploymentPostprocessing = 0;
		};
/* End PBXFrameworksBuildPhase section */

/* Begin PBXGroup section */
		EF0B4AD42217160E009A57D7 /* LinkedList */ = {
			isa = PBXGroup;
			children = (
				EFE8464A221B14BE00027A7A /* NXLinkedListNode.swift */,
				EF0B4AD52217162F009A57D7 /* NXLinkedList.swift */,
			);
			path = LinkedList;
			sourceTree = "<group>";
		};
		EF399BC2218343B100983D4D = {
			isa = PBXGroup;
			children = (
				EF399BCE218343B100983D4D /* NXDataStructures */,
				EFE84639221B0D2400027A7A /* NXDataStructuresTests */,
				EF399BCD218343B100983D4D /* Products */,
			);
			sourceTree = "<group>";
		};
		EF399BCD218343B100983D4D /* Products */ = {
			isa = PBXGroup;
			children = (
				EF399BCC218343B100983D4D /* NXDataStructures.framework */,
				EFE84638221B0D2400027A7A /* NXDataStructuresTests.xctest */,
			);
			name = Products;
			sourceTree = "<group>";
		};
		EF399BCE218343B100983D4D /* NXDataStructures */ = {
			isa = PBXGroup;
			children = (
				EF399BD8218343C200983D4D /* Data Structures */,
				EF913675221C4326009C84BD /* Resources */,
				EF399BD7218343BB00983D4D /* Supporting Files */,
			);
			path = NXDataStructures;
			sourceTree = "<group>";
		};
		EF399BD7218343BB00983D4D /* Supporting Files */ = {
			isa = PBXGroup;
			children = (
				EF399BCF218343B100983D4D /* NXDataStructures.h */,
				EF399BD0218343B100983D4D /* Info.plist */,
			);
			path = "Supporting Files";
			sourceTree = "<group>";
		};
		EF399BD8218343C200983D4D /* Data Structures */ = {
			isa = PBXGroup;
			children = (
				EF399BD9218343CC00983D4D /* Stack */,
				EF0B4AD42217160E009A57D7 /* LinkedList */,
			);
			path = "Data Structures";
			sourceTree = "<group>";
		};
		EF399BD9218343CC00983D4D /* Stack */ = {
			isa = PBXGroup;
			children = (
				EF399BDA218343E700983D4D /* NXStack.swift */,
			);
			path = Stack;
			sourceTree = "<group>";
		};
		EF913675221C4326009C84BD /* Resources */ = {
			isa = PBXGroup;
			children = (
				EF913677221C437A009C84BD /* NXLog.swift */,
			);
			path = Resources;
			sourceTree = "<group>";
		};
		EFE84639221B0D2400027A7A /* NXDataStructuresTests */ = {
			isa = PBXGroup;
			children = (
				EFE84643221B0D3A00027A7A /* DataStructures */,
				EFE84648221B0D7100027A7A /* Supporting Files */,
				EFE8463C221B0D2500027A7A /* Info.plist */,
			);
			path = NXDataStructuresTests;
			sourceTree = "<group>";
		};
		EFE84643221B0D3A00027A7A /* DataStructures */ = {
			isa = PBXGroup;
			children = (
				EFE84644221B0D4A00027A7A /* Stack */,
				EFE84649221B13E500027A7A /* LinkedList */,
			);
			path = DataStructures;
			sourceTree = "<group>";
		};
		EFE84644221B0D4A00027A7A /* Stack */ = {
			isa = PBXGroup;
			children = (
				EFE84646221B0D6B00027A7A /* NXStack+Test.swift */,
			);
			path = Stack;
			sourceTree = "<group>";
		};
		EFE84648221B0D7100027A7A /* Supporting Files */ = {
			isa = PBXGroup;
			children = (
				EFE84645221B0D6B00027A7A /* NXDataStructuresTests-Bridging-Header.h */,
			);
			path = "Supporting Files";
			sourceTree = "<group>";
		};
		EFE84649221B13E500027A7A /* LinkedList */ = {
			isa = PBXGroup;
			children = (
			);
			path = LinkedList;
			sourceTree = "<group>";
		};
/* End PBXGroup section */

/* Begin PBXHeadersBuildPhase section */
		EF399BC7218343B100983D4D /* Headers */ = {
			isa = PBXHeadersBuildPhase;
			buildActionMask = 2147483647;
			files = (
				EF399BD1218343B100983D4D /* NXDataStructures.h in Headers */,
			);
			runOnlyForDeploymentPostprocessing = 0;
		};
/* End PBXHeadersBuildPhase section */

/* Begin PBXNativeTarget section */
		EF399BCB218343B100983D4D /* NXDataStructures */ = {
			isa = PBXNativeTarget;
			buildConfigurationList = EF399BD4218343B100983D4D /* Build configuration list for PBXNativeTarget "NXDataStructures" */;
			buildPhases = (
				EF399BC7218343B100983D4D /* Headers */,
				EF399BC8218343B100983D4D /* Sources */,
				EF399BC9218343B100983D4D /* Frameworks */,
				EF399BCA218343B100983D4D /* Resources */,
			);
			buildRules = (
			);
			dependencies = (
			);
			name = NXDataStructures;
			productName = NXDataStructures;
			productReference = EF399BCC218343B100983D4D /* NXDataStructures.framework */;
			productType = "com.apple.product-type.framework";
		};
		EFE84637221B0D2400027A7A /* NXDataStructuresTests */ = {
			isa = PBXNativeTarget;
			buildConfigurationList = EFE84640221B0D2500027A7A /* Build configuration list for PBXNativeTarget "NXDataStructuresTests" */;
			buildPhases = (
				EFE84634221B0D2400027A7A /* Sources */,
				EFE84635221B0D2400027A7A /* Frameworks */,
				EFE84636221B0D2400027A7A /* Resources */,
			);
			buildRules = (
			);
			dependencies = (
				EFE8463F221B0D2500027A7A /* PBXTargetDependency */,
			);
			name = NXDataStructuresTests;
			productName = NXDataStructuresTests;
			productReference = EFE84638221B0D2400027A7A /* NXDataStructuresTests.xctest */;
			productType = "com.apple.product-type.bundle.unit-test";
		};
/* End PBXNativeTarget section */

/* Begin PBXProject section */
		EF399BC3218343B100983D4D /* Project object */ = {
			isa = PBXProject;
			attributes = {
				LastSwiftUpdateCheck = 1010;
				LastUpgradeCheck = 1000;
				ORGANIZATIONNAME = "Tino Krželj";
				TargetAttributes = {
					EF399BCB218343B100983D4D = {
						CreatedOnToolsVersion = 10.0;
						LastSwiftMigration = 1000;
					};
					EFE84637221B0D2400027A7A = {
						CreatedOnToolsVersion = 10.1;
						LastSwiftMigration = 1010;
					};
				};
			};
			buildConfigurationList = EF399BC6218343B100983D4D /* Build configuration list for PBXProject "NXDataStructures" */;
			compatibilityVersion = "Xcode 9.3";
			developmentRegion = en;
			hasScannedForEncodings = 0;
			knownRegions = (
				en,
			);
			mainGroup = EF399BC2218343B100983D4D;
			productRefGroup = EF399BCD218343B100983D4D /* Products */;
			projectDirPath = "";
			projectRoot = "";
			targets = (
				EF399BCB218343B100983D4D /* NXDataStructures */,
				EFE84637221B0D2400027A7A /* NXDataStructuresTests */,
			);
		};
/* End PBXProject section */

/* Begin PBXResourcesBuildPhase section */
		EF399BCA218343B100983D4D /* Resources */ = {
			isa = PBXResourcesBuildPhase;
			buildActionMask = 2147483647;
			files = (
			);
			runOnlyForDeploymentPostprocessing = 0;
		};
		EFE84636221B0D2400027A7A /* Resources */ = {
			isa = PBXResourcesBuildPhase;
			buildActionMask = 2147483647;
			files = (
			);
			runOnlyForDeploymentPostprocessing = 0;
		};
/* End PBXResourcesBuildPhase section */

/* Begin PBXSourcesBuildPhase section */
		EF399BC8218343B100983D4D /* Sources */ = {
			isa = PBXSourcesBuildPhase;
			buildActionMask = 2147483647;
			files = (
				EF0B4AD62217162F009A57D7 /* NXLinkedList.swift in Sources */,
				EFE8464B221B14BE00027A7A /* NXLinkedListNode.swift in Sources */,
				EF913678221C437A009C84BD /* NXLog.swift in Sources */,
				EF399BDB218343E700983D4D /* NXStack.swift in Sources */,
			);
			runOnlyForDeploymentPostprocessing = 0;
		};
		EFE84634221B0D2400027A7A /* Sources */ = {
			isa = PBXSourcesBuildPhase;
			buildActionMask = 2147483647;
			files = (
				EFE84647221B0D6B00027A7A /* NXStack+Test.swift in Sources */,
			);
			runOnlyForDeploymentPostprocessing = 0;
		};
/* End PBXSourcesBuildPhase section */

/* Begin PBXTargetDependency section */
		EFE8463F221B0D2500027A7A /* PBXTargetDependency */ = {
			isa = PBXTargetDependency;
			target = EF399BCB218343B100983D4D /* NXDataStructures */;
			targetProxy = EFE8463E221B0D2500027A7A /* PBXContainerItemProxy */;
		};
/* End PBXTargetDependency section */

/* Begin XCBuildConfiguration section */
		EF399BD2218343B100983D4D /* Debug */ = {
			isa = XCBuildConfiguration;
			buildSettings = {
				ALWAYS_SEARCH_USER_PATHS = NO;
				CLANG_ANALYZER_NONNULL = YES;
				CLANG_ANALYZER_NUMBER_OBJECT_CONVERSION = YES_AGGRESSIVE;
				CLANG_CXX_LANGUAGE_STANDARD = "gnu++14";
				CLANG_CXX_LIBRARY = "libc++";
				CLANG_ENABLE_MODULES = YES;
				CLANG_ENABLE_OBJC_ARC = YES;
				CLANG_ENABLE_OBJC_WEAK = YES;
				CLANG_WARN_BLOCK_CAPTURE_AUTORELEASING = YES;
				CLANG_WARN_BOOL_CONVERSION = YES;
				CLANG_WARN_COMMA = YES;
				CLANG_WARN_CONSTANT_CONVERSION = YES;
				CLANG_WARN_DEPRECATED_OBJC_IMPLEMENTATIONS = YES;
				CLANG_WARN_DIRECT_OBJC_ISA_USAGE = YES_ERROR;
				CLANG_WARN_DOCUMENTATION_COMMENTS = YES;
				CLANG_WARN_EMPTY_BODY = YES;
				CLANG_WARN_ENUM_CONVERSION = YES;
				CLANG_WARN_INFINITE_RECURSION = YES;
				CLANG_WARN_INT_CONVERSION = YES;
				CLANG_WARN_NON_LITERAL_NULL_CONVERSION = YES;
				CLANG_WARN_OBJC_IMPLICIT_RETAIN_SELF = YES;
				CLANG_WARN_OBJC_LITERAL_CONVERSION = YES;
				CLANG_WARN_OBJC_ROOT_CLASS = YES_ERROR;
				CLANG_WARN_RANGE_LOOP_ANALYSIS = YES;
				CLANG_WARN_STRICT_PROTOTYPES = YES;
				CLANG_WARN_SUSPICIOUS_MOVE = YES;
				CLANG_WARN_UNGUARDED_AVAILABILITY = YES_AGGRESSIVE;
				CLANG_WARN_UNREACHABLE_CODE = YES;
				CLANG_WARN__DUPLICATE_METHOD_MATCH = YES;
				CODE_SIGN_IDENTITY = "iPhone Developer";
				COPY_PHASE_STRIP = NO;
				CURRENT_PROJECT_VERSION = 1;
				DEBUG_INFORMATION_FORMAT = dwarf;
				ENABLE_STRICT_OBJC_MSGSEND = YES;
				ENABLE_TESTABILITY = YES;
				GCC_C_LANGUAGE_STANDARD = gnu11;
				GCC_DYNAMIC_NO_PIC = NO;
				GCC_NO_COMMON_BLOCKS = YES;
				GCC_OPTIMIZATION_LEVEL = 0;
				GCC_PREPROCESSOR_DEFINITIONS = (
					"DEBUG=1",
					"$(inherited)",
				);
				GCC_WARN_64_TO_32_BIT_CONVERSION = YES;
				GCC_WARN_ABOUT_RETURN_TYPE = YES_ERROR;
				GCC_WARN_UNDECLARED_SELECTOR = YES;
				GCC_WARN_UNINITIALIZED_AUTOS = YES_AGGRESSIVE;
				GCC_WARN_UNUSED_FUNCTION = YES;
				GCC_WARN_UNUSED_VARIABLE = YES;
				IPHONEOS_DEPLOYMENT_TARGET = 9.0;
				MTL_ENABLE_DEBUG_INFO = INCLUDE_SOURCE;
				MTL_FAST_MATH = YES;
				ONLY_ACTIVE_ARCH = YES;
				SDKROOT = iphoneos;
				SWIFT_ACTIVE_COMPILATION_CONDITIONS = DEBUG;
				SWIFT_OPTIMIZATION_LEVEL = "-Onone";
				VERSIONING_SYSTEM = "apple-generic";
				VERSION_INFO_PREFIX = "";
			};
			name = Debug;
		};
		EF399BD3218343B100983D4D /* Release */ = {
			isa = XCBuildConfiguration;
			buildSettings = {
				ALWAYS_SEARCH_USER_PATHS = NO;
				CLANG_ANALYZER_NONNULL = YES;
				CLANG_ANALYZER_NUMBER_OBJECT_CONVERSION = YES_AGGRESSIVE;
				CLANG_CXX_LANGUAGE_STANDARD = "gnu++14";
				CLANG_CXX_LIBRARY = "libc++";
				CLANG_ENABLE_MODULES = YES;
				CLANG_ENABLE_OBJC_ARC = YES;
				CLANG_ENABLE_OBJC_WEAK = YES;
				CLANG_WARN_BLOCK_CAPTURE_AUTORELEASING = YES;
				CLANG_WARN_BOOL_CONVERSION = YES;
				CLANG_WARN_COMMA = YES;
				CLANG_WARN_CONSTANT_CONVERSION = YES;
				CLANG_WARN_DEPRECATED_OBJC_IMPLEMENTATIONS = YES;
				CLANG_WARN_DIRECT_OBJC_ISA_USAGE = YES_ERROR;
				CLANG_WARN_DOCUMENTATION_COMMENTS = YES;
				CLANG_WARN_EMPTY_BODY = YES;
				CLANG_WARN_ENUM_CONVERSION = YES;
				CLANG_WARN_INFINITE_RECURSION = YES;
				CLANG_WARN_INT_CONVERSION = YES;
				CLANG_WARN_NON_LITERAL_NULL_CONVERSION = YES;
				CLANG_WARN_OBJC_IMPLICIT_RETAIN_SELF = YES;
				CLANG_WARN_OBJC_LITERAL_CONVERSION = YES;
				CLANG_WARN_OBJC_ROOT_CLASS = YES_ERROR;
				CLANG_WARN_RANGE_LOOP_ANALYSIS = YES;
				CLANG_WARN_STRICT_PROTOTYPES = YES;
				CLANG_WARN_SUSPICIOUS_MOVE = YES;
				CLANG_WARN_UNGUARDED_AVAILABILITY = YES_AGGRESSIVE;
				CLANG_WARN_UNREACHABLE_CODE = YES;
				CLANG_WARN__DUPLICATE_METHOD_MATCH = YES;
				CODE_SIGN_IDENTITY = "iPhone Developer";
				COPY_PHASE_STRIP = NO;
				CURRENT_PROJECT_VERSION = 1;
				DEBUG_INFORMATION_FORMAT = "dwarf-with-dsym";
				ENABLE_NS_ASSERTIONS = NO;
				ENABLE_STRICT_OBJC_MSGSEND = YES;
				GCC_C_LANGUAGE_STANDARD = gnu11;
				GCC_NO_COMMON_BLOCKS = YES;
				GCC_WARN_64_TO_32_BIT_CONVERSION = YES;
				GCC_WARN_ABOUT_RETURN_TYPE = YES_ERROR;
				GCC_WARN_UNDECLARED_SELECTOR = YES;
				GCC_WARN_UNINITIALIZED_AUTOS = YES_AGGRESSIVE;
				GCC_WARN_UNUSED_FUNCTION = YES;
				GCC_WARN_UNUSED_VARIABLE = YES;
				IPHONEOS_DEPLOYMENT_TARGET = 9.0;
				MTL_ENABLE_DEBUG_INFO = NO;
				MTL_FAST_MATH = YES;
				SDKROOT = iphoneos;
				SWIFT_COMPILATION_MODE = wholemodule;
				SWIFT_OPTIMIZATION_LEVEL = "-O";
				VALIDATE_PRODUCT = YES;
				VERSIONING_SYSTEM = "apple-generic";
				VERSION_INFO_PREFIX = "";
			};
			name = Release;
		};
		EF399BD5218343B100983D4D /* Debug */ = {
			isa = XCBuildConfiguration;
			buildSettings = {
				CLANG_ENABLE_MODULES = YES;
				CODE_SIGN_IDENTITY = "";
				CODE_SIGN_STYLE = Automatic;
				DEFINES_MODULE = YES;
				DEVELOPMENT_TEAM = 2264UU8CR6;
				DYLIB_COMPATIBILITY_VERSION = 1;
				DYLIB_CURRENT_VERSION = 1;
				DYLIB_INSTALL_NAME_BASE = "@rpath";
				INFOPLIST_FILE = "$(SRCROOT)/NXDataStructures/Supporting Files/Info.plist";
				INSTALL_PATH = "$(LOCAL_LIBRARY_DIR)/Frameworks";
				IPHONEOS_DEPLOYMENT_TARGET = 9.0;
				LD_RUNPATH_SEARCH_PATHS = (
					"$(inherited)",
					"@executable_path/Frameworks",
					"@loader_path/Frameworks",
				);
				PRODUCT_BUNDLE_IDENTIFIER = www.tinokrzelj.com.NXDataStructures;
				PRODUCT_NAME = "$(TARGET_NAME:c99extidentifier)";
				SKIP_INSTALL = YES;
				SWIFT_OPTIMIZATION_LEVEL = "-Onone";
				SWIFT_VERSION = 4.2;
				TARGETED_DEVICE_FAMILY = "1,2";
			};
			name = Debug;
		};
		EF399BD6218343B100983D4D /* Release */ = {
			isa = XCBuildConfiguration;
			buildSettings = {
				CLANG_ENABLE_MODULES = YES;
				CODE_SIGN_IDENTITY = "";
				CODE_SIGN_STYLE = Automatic;
				DEFINES_MODULE = YES;
				DEVELOPMENT_TEAM = 2264UU8CR6;
				DYLIB_COMPATIBILITY_VERSION = 1;
				DYLIB_CURRENT_VERSION = 1;
				DYLIB_INSTALL_NAME_BASE = "@rpath";
				INFOPLIST_FILE = "$(SRCROOT)/NXDataStructures/Supporting Files/Info.plist";
				INSTALL_PATH = "$(LOCAL_LIBRARY_DIR)/Frameworks";
				IPHONEOS_DEPLOYMENT_TARGET = 9.0;
				LD_RUNPATH_SEARCH_PATHS = (
					"$(inherited)",
					"@executable_path/Frameworks",
					"@loader_path/Frameworks",
				);
				PRODUCT_BUNDLE_IDENTIFIER = www.tinokrzelj.com.NXDataStructures;
				PRODUCT_NAME = "$(TARGET_NAME:c99extidentifier)";
				SKIP_INSTALL = YES;
				SWIFT_VERSION = 4.2;
				TARGETED_DEVICE_FAMILY = "1,2";
			};
			name = Release;
		};
		EFE84641221B0D2500027A7A /* Debug */ = {
			isa = XCBuildConfiguration;
			buildSettings = {
				CLANG_ENABLE_MODULES = YES;
				CODE_SIGN_STYLE = Automatic;
				DEVELOPMENT_TEAM = 2264UU8CR6;
				INFOPLIST_FILE = NXDataStructuresTests/Info.plist;
				IPHONEOS_DEPLOYMENT_TARGET = 12.1;
				LD_RUNPATH_SEARCH_PATHS = (
					"$(inherited)",
					"@executable_path/Frameworks",
					"@loader_path/Frameworks",
				);
				PRODUCT_BUNDLE_IDENTIFIER = "https---tinokrzelj.com.NXDataStructuresTests";
				PRODUCT_NAME = "$(TARGET_NAME)";
				SWIFT_OPTIMIZATION_LEVEL = "-Onone";
				SWIFT_VERSION = 4.2;
				TARGETED_DEVICE_FAMILY = "1,2";
			};
			name = Debug;
		};
		EFE84642221B0D2500027A7A /* Release */ = {
			isa = XCBuildConfiguration;
			buildSettings = {
				CLANG_ENABLE_MODULES = YES;
				CODE_SIGN_STYLE = Automatic;
				DEVELOPMENT_TEAM = 2264UU8CR6;
				INFOPLIST_FILE = NXDataStructuresTests/Info.plist;
				IPHONEOS_DEPLOYMENT_TARGET = 12.1;
				LD_RUNPATH_SEARCH_PATHS = (
					"$(inherited)",
					"@executable_path/Frameworks",
					"@loader_path/Frameworks",
				);
				PRODUCT_BUNDLE_IDENTIFIER = "https---tinokrzelj.com.NXDataStructuresTests";
				PRODUCT_NAME = "$(TARGET_NAME)";
				SWIFT_VERSION = 4.2;
				TARGETED_DEVICE_FAMILY = "1,2";
			};
			name = Release;
		};
/* End XCBuildConfiguration section */

/* Begin XCConfigurationList section */
		EF399BC6218343B100983D4D /* Build configuration list for PBXProject "NXDataStructures" */ = {
			isa = XCConfigurationList;
			buildConfigurations = (
				EF399BD2218343B100983D4D /* Debug */,
				EF399BD3218343B100983D4D /* Release */,
			);
			defaultConfigurationIsVisible = 0;
			defaultConfigurationName = Release;
		};
		EF399BD4218343B100983D4D /* Build configuration list for PBXNativeTarget "NXDataStructures" */ = {
			isa = XCConfigurationList;
			buildConfigurations = (
				EF399BD5218343B100983D4D /* Debug */,
				EF399BD6218343B100983D4D /* Release */,
			);
			defaultConfigurationIsVisible = 0;
			defaultConfigurationName = Release;
		};
		EFE84640221B0D2500027A7A /* Build configuration list for PBXNativeTarget "NXDataStructuresTests" */ = {
			isa = XCConfigurationList;
			buildConfigurations = (
				EFE84641221B0D2500027A7A /* Debug */,
				EFE84642221B0D2500027A7A /* Release */,
			);
			defaultConfigurationIsVisible = 0;
			defaultConfigurationName = Release;
		};
/* End XCConfigurationList section */
	};
	rootObject = EF399BC3218343B100983D4D /* Project object */;
}
